
Microsoft Visual Studio Solution File, Format Version 12.00
<<<<<<< HEAD
# Visual Studio 2013
VisualStudioVersion = 12.0.40629.0
MinimumVisualStudioVersion = 10.0.40219.1
Project("{FAE04EC0-301F-11D3-BF4B-00C04F79EFBC}") = "TestGitFlowConsole", "TestGitFlowConsole\TestGitFlowConsole.csproj", "{EE5E83BE-D8C6-4BD9-AED4-59D2DA89ACEC}"
EndProject
Project("{FAE04EC0-301F-11D3-BF4B-00C04F79EFBC}") = "create_26108_library", "create_26108_library\create_26108_library.csproj", "{48F97572-8F77-459D-8089-E7414DDE39E0}"
EndProject
Project("{FAE04EC0-301F-11D3-BF4B-00C04F79EFBC}") = "26134", "26134\26134.csproj", "{CC30203D-147E-48D0-995E-FC91D448BCC2}"
=======
# Visual Studio 14
VisualStudioVersion = 14.0.24720.0
MinimumVisualStudioVersion = 10.0.40219.1
Project("{FAE04EC0-301F-11D3-BF4B-00C04F79EFBC}") = "TestGitFlowConsole", "TestGitFlowConsole\TestGitFlowConsole.csproj", "{EE5E83BE-D8C6-4BD9-AED4-59D2DA89ACEC}"
EndProject
Project("{FAE04EC0-301F-11D3-BF4B-00C04F79EFBC}") = "create_26133_library", "create_26133_library\create_26133_library.csproj", "{862AB5EA-D2F8-46F5-AC7A-5A3D06D28EEB}"
EndProject
Project("{FAE04EC0-301F-11D3-BF4B-00C04F79EFBC}") = "26134", "26134\26134.csproj", "{011F73E7-0956-45A0-8F9D-FE5211A72266}"
>>>>>>> develop
EndProject
Project("{FAE04EC0-301F-11D3-BF4B-00C04F79EFBC}") = "26130_library", "26130_library\26130_library.csproj", "{1B711053-989D-42F7-A458-155EB8EC5076}"
EndProject
Global
	GlobalSection(SolutionConfigurationPlatforms) = preSolution
		Debug|Any CPU = Debug|Any CPU
		Release|Any CPU = Release|Any CPU
	EndGlobalSection
	GlobalSection(ProjectConfigurationPlatforms) = postSolution
		{EE5E83BE-D8C6-4BD9-AED4-59D2DA89ACEC}.Debug|Any CPU.ActiveCfg = Debug|Any CPU
		{EE5E83BE-D8C6-4BD9-AED4-59D2DA89ACEC}.Debug|Any CPU.Build.0 = Debug|Any CPU
		{EE5E83BE-D8C6-4BD9-AED4-59D2DA89ACEC}.Release|Any CPU.ActiveCfg = Release|Any CPU
		{EE5E83BE-D8C6-4BD9-AED4-59D2DA89ACEC}.Release|Any CPU.Build.0 = Release|Any CPU
<<<<<<< HEAD
		{48F97572-8F77-459D-8089-E7414DDE39E0}.Debug|Any CPU.ActiveCfg = Debug|Any CPU
		{48F97572-8F77-459D-8089-E7414DDE39E0}.Debug|Any CPU.Build.0 = Debug|Any CPU
		{48F97572-8F77-459D-8089-E7414DDE39E0}.Release|Any CPU.ActiveCfg = Release|Any CPU
		{48F97572-8F77-459D-8089-E7414DDE39E0}.Release|Any CPU.Build.0 = Release|Any CPU
		{CC30203D-147E-48D0-995E-FC91D448BCC2}.Debug|Any CPU.ActiveCfg = Debug|Any CPU
		{CC30203D-147E-48D0-995E-FC91D448BCC2}.Debug|Any CPU.Build.0 = Debug|Any CPU
		{CC30203D-147E-48D0-995E-FC91D448BCC2}.Release|Any CPU.ActiveCfg = Release|Any CPU
		{CC30203D-147E-48D0-995E-FC91D448BCC2}.Release|Any CPU.Build.0 = Release|Any CPU
=======
		{862AB5EA-D2F8-46F5-AC7A-5A3D06D28EEB}.Debug|Any CPU.ActiveCfg = Debug|Any CPU
		{862AB5EA-D2F8-46F5-AC7A-5A3D06D28EEB}.Debug|Any CPU.Build.0 = Debug|Any CPU
		{862AB5EA-D2F8-46F5-AC7A-5A3D06D28EEB}.Release|Any CPU.ActiveCfg = Release|Any CPU
		{862AB5EA-D2F8-46F5-AC7A-5A3D06D28EEB}.Release|Any CPU.Build.0 = Release|Any CPU
		{011F73E7-0956-45A0-8F9D-FE5211A72266}.Debug|Any CPU.ActiveCfg = Debug|Any CPU
		{011F73E7-0956-45A0-8F9D-FE5211A72266}.Debug|Any CPU.Build.0 = Debug|Any CPU
		{011F73E7-0956-45A0-8F9D-FE5211A72266}.Release|Any CPU.ActiveCfg = Release|Any CPU
		{011F73E7-0956-45A0-8F9D-FE5211A72266}.Release|Any CPU.Build.0 = Release|Any CPU
		{1B711053-989D-42F7-A458-155EB8EC5076}.Debug|Any CPU.ActiveCfg = Debug|Any CPU
		{1B711053-989D-42F7-A458-155EB8EC5076}.Debug|Any CPU.Build.0 = Debug|Any CPU
		{1B711053-989D-42F7-A458-155EB8EC5076}.Release|Any CPU.ActiveCfg = Release|Any CPU
		{1B711053-989D-42F7-A458-155EB8EC5076}.Release|Any CPU.Build.0 = Release|Any CPU
>>>>>>> develop
	EndGlobalSection
	GlobalSection(SolutionProperties) = preSolution
		HideSolutionNode = FALSE
	EndGlobalSection
EndGlobal
