
Microsoft Visual Studio Solution File, Format Version 12.00
# Visual Studio 14
VisualStudioVersion = 14.0.23107.0
MinimumVisualStudioVersion = 10.0.40219.1
Project("{FAE04EC0-301F-11D3-BF4B-00C04F79EFBC}") = "TestGitFlowConsole", "TestGitFlowConsole\TestGitFlowConsole.csproj", "{EE5E83BE-D8C6-4BD9-AED4-59D2DA89ACEC}"
EndProject
Project("{FAE04EC0-301F-11D3-BF4B-00C04F79EFBC}") = "26114_library", "26114_library\26114_library.csproj", "{0BE5C367-7B9E-4ED0-83B1-CC232AE998D6}"
EndProject
Project("{FAE04EC0-301F-11D3-BF4B-00C04F79EFBC}") = "26134", "26134\26134.csproj", "{13D62648-CDC5-4D8A-A577-53BE2B8C8C73}"
EndProject
Project("{FAE04EC0-301F-11D3-BF4B-00C04F79EFBC}") = "create_26133_library", "create_26133_library\create_26133_library.csproj", "{862AB5EA-D2F8-46F5-AC7A-5A3D06D28EEB}"
EndProject
Project("{FAE04EC0-301F-11D3-BF4B-00C04F79EFBC}") = "26130_library", "26130_library\26130_library.csproj", "{1B711053-989D-42F7-A458-155EB8EC5076}"
EndProject
Project("{FAE04EC0-301F-11D3-BF4B-00C04F79EFBC}") = "create_26113_library", "create_23113_library\create_26113_library.csproj", "{3102DE2D-1D7D-4581-AF4E-B39ADDF0098E}"
EndProject
Project("{FAE04EC0-301F-11D3-BF4B-00C04F79EFBC}") = "26136", "26136\26136.csproj", "{E988C139-CC45-48DD-9FAC-7C8C85D05D18}"
EndProject
Project("{FAE04EC0-301F-11D3-BF4B-00C04F79EFBC}") = "26106_library", "26106_library\26106_library.csproj", "{12759AF8-934F-4109-AE54-0E349670E511}"
EndProject
Project("{FAE04EC0-301F-11D3-BF4B-00C04F79EFBC}") = "create_26108_library", "create_26108_library\create_26108_library.csproj", "{48F97572-8F77-459D-8089-E7414DDE39E0}"
EndProject
Global
	GlobalSection(SolutionConfigurationPlatforms) = preSolution
		Debug|Any CPU = Debug|Any CPU
		Release|Any CPU = Release|Any CPU
	EndGlobalSection
	GlobalSection(ProjectConfigurationPlatforms) = postSolution
		{EE5E83BE-D8C6-4BD9-AED4-59D2DA89ACEC}.Debug|Any CPU.ActiveCfg = Debug|Any CPU
		{EE5E83BE-D8C6-4BD9-AED4-59D2DA89ACEC}.Debug|Any CPU.Build.0 = Debug|Any CPU
		{EE5E83BE-D8C6-4BD9-AED4-59D2DA89ACEC}.Release|Any CPU.ActiveCfg = Release|Any CPU
		{EE5E83BE-D8C6-4BD9-AED4-59D2DA89ACEC}.Release|Any CPU.Build.0 = Release|Any CPU
		{0BE5C367-7B9E-4ED0-83B1-CC232AE998D6}.Debug|Any CPU.ActiveCfg = Debug|Any CPU
		{0BE5C367-7B9E-4ED0-83B1-CC232AE998D6}.Debug|Any CPU.Build.0 = Debug|Any CPU
		{0BE5C367-7B9E-4ED0-83B1-CC232AE998D6}.Release|Any CPU.ActiveCfg = Release|Any CPU
		{0BE5C367-7B9E-4ED0-83B1-CC232AE998D6}.Release|Any CPU.Build.0 = Release|Any CPU
		{13D62648-CDC5-4D8A-A577-53BE2B8C8C73}.Debug|Any CPU.ActiveCfg = Debug|Any CPU
		{13D62648-CDC5-4D8A-A577-53BE2B8C8C73}.Debug|Any CPU.Build.0 = Debug|Any CPU
		{13D62648-CDC5-4D8A-A577-53BE2B8C8C73}.Release|Any CPU.ActiveCfg = Release|Any CPU
		{13D62648-CDC5-4D8A-A577-53BE2B8C8C73}.Release|Any CPU.Build.0 = Release|Any CPU
		{862AB5EA-D2F8-46F5-AC7A-5A3D06D28EEB}.Debug|Any CPU.ActiveCfg = Debug|Any CPU
		{862AB5EA-D2F8-46F5-AC7A-5A3D06D28EEB}.Debug|Any CPU.Build.0 = Debug|Any CPU
		{862AB5EA-D2F8-46F5-AC7A-5A3D06D28EEB}.Release|Any CPU.ActiveCfg = Release|Any CPU
		{862AB5EA-D2F8-46F5-AC7A-5A3D06D28EEB}.Release|Any CPU.Build.0 = Release|Any CPU
		{1B711053-989D-42F7-A458-155EB8EC5076}.Debug|Any CPU.ActiveCfg = Debug|Any CPU
		{1B711053-989D-42F7-A458-155EB8EC5076}.Debug|Any CPU.Build.0 = Debug|Any CPU
		{1B711053-989D-42F7-A458-155EB8EC5076}.Release|Any CPU.ActiveCfg = Release|Any CPU
		{1B711053-989D-42F7-A458-155EB8EC5076}.Release|Any CPU.Build.0 = Release|Any CPU
		{3102DE2D-1D7D-4581-AF4E-B39ADDF0098E}.Debug|Any CPU.ActiveCfg = Debug|Any CPU
		{3102DE2D-1D7D-4581-AF4E-B39ADDF0098E}.Debug|Any CPU.Build.0 = Debug|Any CPU
		{3102DE2D-1D7D-4581-AF4E-B39ADDF0098E}.Release|Any CPU.ActiveCfg = Release|Any CPU
		{3102DE2D-1D7D-4581-AF4E-B39ADDF0098E}.Release|Any CPU.Build.0 = Release|Any CPU
		{E988C139-CC45-48DD-9FAC-7C8C85D05D18}.Debug|Any CPU.ActiveCfg = Debug|Any CPU
		{E988C139-CC45-48DD-9FAC-7C8C85D05D18}.Debug|Any CPU.Build.0 = Debug|Any CPU
		{E988C139-CC45-48DD-9FAC-7C8C85D05D18}.Release|Any CPU.ActiveCfg = Release|Any CPU
		{E988C139-CC45-48DD-9FAC-7C8C85D05D18}.Release|Any CPU.Build.0 = Release|Any CPU
		{12759AF8-934F-4109-AE54-0E349670E511}.Debug|Any CPU.ActiveCfg = Debug|Any CPU
		{12759AF8-934F-4109-AE54-0E349670E511}.Debug|Any CPU.Build.0 = Debug|Any CPU
		{12759AF8-934F-4109-AE54-0E349670E511}.Release|Any CPU.ActiveCfg = Release|Any CPU
		{12759AF8-934F-4109-AE54-0E349670E511}.Release|Any CPU.Build.0 = Release|Any CPU
		{48F97572-8F77-459D-8089-E7414DDE39E0}.Debug|Any CPU.ActiveCfg = Debug|Any CPU
		{48F97572-8F77-459D-8089-E7414DDE39E0}.Debug|Any CPU.Build.0 = Debug|Any CPU
		{48F97572-8F77-459D-8089-E7414DDE39E0}.Release|Any CPU.ActiveCfg = Release|Any CPU
		{48F97572-8F77-459D-8089-E7414DDE39E0}.Release|Any CPU.Build.0 = Release|Any CPU
	EndGlobalSection
	GlobalSection(SolutionProperties) = preSolution
		HideSolutionNode = FALSE
	EndGlobalSection
EndGlobal
