
Microsoft Visual Studio Solution File, Format Version 12.00
<<<<<<< HEAD
# Visual Studio 15
VisualStudioVersion = 15.0.26403.0
=======
# Visual Studio 2013
VisualStudioVersion = 12.0.40629.0
>>>>>>> develop
MinimumVisualStudioVersion = 10.0.40219.1
Project("{FAE04EC0-301F-11D3-BF4B-00C04F79EFBC}") = "TestGitFlowConsole", "TestGitFlowConsole\TestGitFlowConsole.csproj", "{EE5E83BE-D8C6-4BD9-AED4-59D2DA89ACEC}"
EndProject
Project("{FAE04EC0-301F-11D3-BF4B-00C04F79EFBC}") = "26131_library", "26131_library\26131_library.csproj", "{8277F536-AA73-4F3F-8ECD-5666699B4934}"
EndProject
Project("{FAE04EC0-301F-11D3-BF4B-00C04F79EFBC}") = "create_26133_library", "create_26133_library\create_26133_library.csproj", "{862AB5EA-D2F8-46F5-AC7A-5A3D06D28EEB}"
EndProject
Project("{FAE04EC0-301F-11D3-BF4B-00C04F79EFBC}") = "26134-Rostislav", "26134\26134-Rostislav.csproj", "{011F73E7-0956-45A0-8F9D-FE5211A72266}"
EndProject
Project("{FAE04EC0-301F-11D3-BF4B-00C04F79EFBC}") = "26130_library", "26130_library\26130_library.csproj", "{1B711053-989D-42F7-A458-155EB8EC5076}"
EndProject
Project("{FAE04EC0-301F-11D3-BF4B-00C04F79EFBC}") = "26136", "26136\26136.csproj", "{E988C139-CC45-48DD-9FAC-7C8C85D05D18}"
EndProject
Project("{FAE04EC0-301F-11D3-BF4B-00C04F79EFBC}") = "25120", "25120\25120.csproj", "{16CE3987-FC8D-44E2-AC97-5EEBC52A40F5}"
EndProject
Project("{FAE04EC0-301F-11D3-BF4B-00C04F79EFBC}") = "26139", "26139\26139.csproj", "{7964B817-5743-4020-AABA-2933BB0EE2A4}"
EndProject
Project("{FAE04EC0-301F-11D3-BF4B-00C04F79EFBC}") = "26106_library", "26106_library\26106_library.csproj", "{12759AF8-934F-4109-AE54-0E349670E511}"
EndProject
Project("{FAE04EC0-301F-11D3-BF4B-00C04F79EFBC}") = "create_26113_library", "create_23113_library\create_26113_library.csproj", "{3102DE2D-1D7D-4581-AF4E-B39ADDF0098E}"
EndProject
Project("{FAE04EC0-301F-11D3-BF4B-00C04F79EFBC}") = "create_26108_library", "create_26108_library\create_26108_library.csproj", "{48F97572-8F77-459D-8089-E7414DDE39E0}"
EndProject
Project("{FAE04EC0-301F-11D3-BF4B-00C04F79EFBC}") = "26144", "26144\26144.csproj", "{DAD3F9FA-2A27-4B41-A076-77F5C86EA117}"
EndProject
<<<<<<< HEAD
Project("{FAE04EC0-301F-11D3-BF4B-00C04F79EFBC}") = "create_23113_library", "create_23113_library\create_23113_library.csproj", "{7951A34C-4410-49D2-8A4F-1C2D95890248}"
=======
Project("{FAE04EC0-301F-11D3-BF4B-00C04F79EFBC}") = "26158", "26158\26158.csproj", "{057468F6-F58C-4101-99FA-B721F42242EF}"
>>>>>>> develop
EndProject
Global
	GlobalSection(SolutionConfigurationPlatforms) = preSolution
		Debug|Any CPU = Debug|Any CPU
		Release|Any CPU = Release|Any CPU
	EndGlobalSection
	GlobalSection(ProjectConfigurationPlatforms) = postSolution
		{EE5E83BE-D8C6-4BD9-AED4-59D2DA89ACEC}.Debug|Any CPU.ActiveCfg = Debug|Any CPU
		{EE5E83BE-D8C6-4BD9-AED4-59D2DA89ACEC}.Debug|Any CPU.Build.0 = Debug|Any CPU
		{EE5E83BE-D8C6-4BD9-AED4-59D2DA89ACEC}.Release|Any CPU.ActiveCfg = Release|Any CPU
		{EE5E83BE-D8C6-4BD9-AED4-59D2DA89ACEC}.Release|Any CPU.Build.0 = Release|Any CPU
		{8277F536-AA73-4F3F-8ECD-5666699B4934}.Debug|Any CPU.ActiveCfg = Debug|Any CPU
		{8277F536-AA73-4F3F-8ECD-5666699B4934}.Debug|Any CPU.Build.0 = Debug|Any CPU
		{8277F536-AA73-4F3F-8ECD-5666699B4934}.Release|Any CPU.ActiveCfg = Release|Any CPU
		{8277F536-AA73-4F3F-8ECD-5666699B4934}.Release|Any CPU.Build.0 = Release|Any CPU
		{862AB5EA-D2F8-46F5-AC7A-5A3D06D28EEB}.Debug|Any CPU.ActiveCfg = Debug|Any CPU
		{862AB5EA-D2F8-46F5-AC7A-5A3D06D28EEB}.Debug|Any CPU.Build.0 = Debug|Any CPU
		{862AB5EA-D2F8-46F5-AC7A-5A3D06D28EEB}.Release|Any CPU.ActiveCfg = Release|Any CPU
		{862AB5EA-D2F8-46F5-AC7A-5A3D06D28EEB}.Release|Any CPU.Build.0 = Release|Any CPU
		{011F73E7-0956-45A0-8F9D-FE5211A72266}.Debug|Any CPU.ActiveCfg = Debug|Any CPU
		{011F73E7-0956-45A0-8F9D-FE5211A72266}.Debug|Any CPU.Build.0 = Debug|Any CPU
		{011F73E7-0956-45A0-8F9D-FE5211A72266}.Release|Any CPU.ActiveCfg = Release|Any CPU
		{011F73E7-0956-45A0-8F9D-FE5211A72266}.Release|Any CPU.Build.0 = Release|Any CPU
		{1B711053-989D-42F7-A458-155EB8EC5076}.Debug|Any CPU.ActiveCfg = Debug|Any CPU
		{1B711053-989D-42F7-A458-155EB8EC5076}.Debug|Any CPU.Build.0 = Debug|Any CPU
		{1B711053-989D-42F7-A458-155EB8EC5076}.Release|Any CPU.ActiveCfg = Release|Any CPU
		{1B711053-989D-42F7-A458-155EB8EC5076}.Release|Any CPU.Build.0 = Release|Any CPU
		{E988C139-CC45-48DD-9FAC-7C8C85D05D18}.Debug|Any CPU.ActiveCfg = Debug|Any CPU
		{E988C139-CC45-48DD-9FAC-7C8C85D05D18}.Debug|Any CPU.Build.0 = Debug|Any CPU
		{E988C139-CC45-48DD-9FAC-7C8C85D05D18}.Release|Any CPU.ActiveCfg = Release|Any CPU
		{E988C139-CC45-48DD-9FAC-7C8C85D05D18}.Release|Any CPU.Build.0 = Release|Any CPU
		{16CE3987-FC8D-44E2-AC97-5EEBC52A40F5}.Debug|Any CPU.ActiveCfg = Debug|Any CPU
		{16CE3987-FC8D-44E2-AC97-5EEBC52A40F5}.Debug|Any CPU.Build.0 = Debug|Any CPU
		{16CE3987-FC8D-44E2-AC97-5EEBC52A40F5}.Release|Any CPU.ActiveCfg = Release|Any CPU
		{16CE3987-FC8D-44E2-AC97-5EEBC52A40F5}.Release|Any CPU.Build.0 = Release|Any CPU
		{7964B817-5743-4020-AABA-2933BB0EE2A4}.Debug|Any CPU.ActiveCfg = Debug|Any CPU
		{7964B817-5743-4020-AABA-2933BB0EE2A4}.Debug|Any CPU.Build.0 = Debug|Any CPU
		{7964B817-5743-4020-AABA-2933BB0EE2A4}.Release|Any CPU.ActiveCfg = Release|Any CPU
		{7964B817-5743-4020-AABA-2933BB0EE2A4}.Release|Any CPU.Build.0 = Release|Any CPU
		{12759AF8-934F-4109-AE54-0E349670E511}.Debug|Any CPU.ActiveCfg = Debug|Any CPU
		{12759AF8-934F-4109-AE54-0E349670E511}.Debug|Any CPU.Build.0 = Debug|Any CPU
		{12759AF8-934F-4109-AE54-0E349670E511}.Release|Any CPU.ActiveCfg = Release|Any CPU
		{12759AF8-934F-4109-AE54-0E349670E511}.Release|Any CPU.Build.0 = Release|Any CPU
		{3102DE2D-1D7D-4581-AF4E-B39ADDF0098E}.Debug|Any CPU.ActiveCfg = Debug|Any CPU
		{3102DE2D-1D7D-4581-AF4E-B39ADDF0098E}.Debug|Any CPU.Build.0 = Debug|Any CPU
		{3102DE2D-1D7D-4581-AF4E-B39ADDF0098E}.Release|Any CPU.ActiveCfg = Release|Any CPU
		{3102DE2D-1D7D-4581-AF4E-B39ADDF0098E}.Release|Any CPU.Build.0 = Release|Any CPU
		{48F97572-8F77-459D-8089-E7414DDE39E0}.Debug|Any CPU.ActiveCfg = Debug|Any CPU
		{48F97572-8F77-459D-8089-E7414DDE39E0}.Debug|Any CPU.Build.0 = Debug|Any CPU
		{48F97572-8F77-459D-8089-E7414DDE39E0}.Release|Any CPU.ActiveCfg = Release|Any CPU
		{48F97572-8F77-459D-8089-E7414DDE39E0}.Release|Any CPU.Build.0 = Release|Any CPU
		{DAD3F9FA-2A27-4B41-A076-77F5C86EA117}.Debug|Any CPU.ActiveCfg = Debug|Any CPU
		{DAD3F9FA-2A27-4B41-A076-77F5C86EA117}.Debug|Any CPU.Build.0 = Debug|Any CPU
		{DAD3F9FA-2A27-4B41-A076-77F5C86EA117}.Release|Any CPU.ActiveCfg = Release|Any CPU
		{DAD3F9FA-2A27-4B41-A076-77F5C86EA117}.Release|Any CPU.Build.0 = Release|Any CPU
<<<<<<< HEAD
		{7951A34C-4410-49D2-8A4F-1C2D95890248}.Debug|Any CPU.ActiveCfg = Debug|Any CPU
		{7951A34C-4410-49D2-8A4F-1C2D95890248}.Debug|Any CPU.Build.0 = Debug|Any CPU
		{7951A34C-4410-49D2-8A4F-1C2D95890248}.Release|Any CPU.ActiveCfg = Release|Any CPU
		{7951A34C-4410-49D2-8A4F-1C2D95890248}.Release|Any CPU.Build.0 = Release|Any CPU
=======
		{057468F6-F58C-4101-99FA-B721F42242EF}.Debug|Any CPU.ActiveCfg = Debug|Any CPU
		{057468F6-F58C-4101-99FA-B721F42242EF}.Debug|Any CPU.Build.0 = Debug|Any CPU
		{057468F6-F58C-4101-99FA-B721F42242EF}.Release|Any CPU.ActiveCfg = Release|Any CPU
		{057468F6-F58C-4101-99FA-B721F42242EF}.Release|Any CPU.Build.0 = Release|Any CPU
>>>>>>> develop
	EndGlobalSection
	GlobalSection(SolutionProperties) = preSolution
		HideSolutionNode = FALSE
	EndGlobalSection
EndGlobal
